
Microsoft Visual Studio Solution File, Format Version 12.00
# Visual Studio 15
VisualStudioVersion = 15.0.28307.136
MinimumVisualStudioVersion = 10.0.40219.1
Project("{9A19103F-16F7-4668-BE54-9A1E7A4F7556}") = "HU", "HU\HU.csproj", "{660A4353-EDD7-4605-B5E2-5539FD4A2ECD}"
EndProject
Project("{9A19103F-16F7-4668-BE54-9A1E7A4F7556}") = "HUDLL", "HUDLL\HUDLL.csproj", "{B2EF9B51-6C93-4BB0-ACFB-4E4A6D0E5387}"
EndProject
Global
	GlobalSection(SolutionConfigurationPlatforms) = preSolution
		Debug|Any CPU = Debug|Any CPU
		Release|Any CPU = Release|Any CPU
	EndGlobalSection
	GlobalSection(ProjectConfigurationPlatforms) = postSolution
		{660A4353-EDD7-4605-B5E2-5539FD4A2ECD}.Debug|Any CPU.ActiveCfg = Debug|Any CPU
		{660A4353-EDD7-4605-B5E2-5539FD4A2ECD}.Debug|Any CPU.Build.0 = Debug|Any CPU
		{660A4353-EDD7-4605-B5E2-5539FD4A2ECD}.Release|Any CPU.ActiveCfg = Release|Any CPU
		{660A4353-EDD7-4605-B5E2-5539FD4A2ECD}.Release|Any CPU.Build.0 = Release|Any CPU
		{B2EF9B51-6C93-4BB0-ACFB-4E4A6D0E5387}.Debug|Any CPU.ActiveCfg = Debug|Any CPU
		{B2EF9B51-6C93-4BB0-ACFB-4E4A6D0E5387}.Debug|Any CPU.Build.0 = Debug|Any CPU
		{B2EF9B51-6C93-4BB0-ACFB-4E4A6D0E5387}.Release|Any CPU.ActiveCfg = Release|Any CPU
		{B2EF9B51-6C93-4BB0-ACFB-4E4A6D0E5387}.Release|Any CPU.Build.0 = Release|Any CPU
	EndGlobalSection
	GlobalSection(SolutionProperties) = preSolution
		HideSolutionNode = FALSE
	EndGlobalSection
	GlobalSection(ExtensibilityGlobals) = postSolution
		SolutionGuid = {57BB925E-86E5-4256-8E4D-46AFE4E98577}
	EndGlobalSection
EndGlobal
